{"is_source_file": false, "format": "", "description": "", "external_files": [], "external_methods": [], "published": [], "classes": [], "methods": [], "calls": [], "search-terms": [], "state": 2, "file_id": 2, "knowledge_revision": 22, "git_revision": "f54d0f9d3186d60d6c7ea5d69f4151f354e84593", "filename": "/home/kavia/workspace/code-generation/mixmate-103085-1e2cd028/mixmate/post_process_status.lock", "hash": "9c4ed7ef73e22b872b8055bec08b8979", "format-version": 4, "code-base-name": "default", "revision_history": [{"22": "f54d0f9d3186d60d6c7ea5d69f4151f354e84593"}]}